
Microsoft Visual Studio Solution File, Format Version 12.00
# Visual Studio Version 17
VisualStudioVersion = 17.4.33205.214
MinimumVisualStudioVersion = 10.0.40219.1
Project("{FAE04EC0-301F-11D3-BF4B-00C04F79EFBC}") = "Twileloop.Tools.ScafoldCLI", "Twileloop.Tools.ScafoldCLI\Twileloop.Tools.ScafoldCLI.csproj", "{8897FA93-7C5F-4D17-BCC9-FAAA5F8BCB4A}"
EndProject
Global
	GlobalSection(SolutionConfigurationPlatforms) = preSolution
		Debug|Any CPU = Debug|Any CPU
		Release|Any CPU = Release|Any CPU
	EndGlobalSection
	GlobalSection(ProjectConfigurationPlatforms) = postSolution
		{8897FA93-7C5F-4D17-BCC9-FAAA5F8BCB4A}.Debug|Any CPU.ActiveCfg = Debug|Any CPU
		{8897FA93-7C5F-4D17-BCC9-FAAA5F8BCB4A}.Debug|Any CPU.Build.0 = Debug|Any CPU
		{8897FA93-7C5F-4D17-BCC9-FAAA5F8BCB4A}.Release|Any CPU.ActiveCfg = Release|Any CPU
		{8897FA93-7C5F-4D17-BCC9-FAAA5F8BCB4A}.Release|Any CPU.Build.0 = Release|Any CPU
	EndGlobalSection
	GlobalSection(SolutionProperties) = preSolution
		HideSolutionNode = FALSE
	EndGlobalSection
	GlobalSection(ExtensibilityGlobals) = postSolution
		SolutionGuid = {5D099D51-D862-47BE-8CAE-E77EB068E2DB}
	EndGlobalSection
EndGlobal
